
Microsoft Visual Studio Solution File, Format Version 12.00
# Visual Studio Version 17
VisualStudioVersion = 17.12.35707.178
MinimumVisualStudioVersion = 10.0.40219.1
Project("{FAE04EC0-301F-11D3-BF4B-00C04F79EFBC}") = "Day01.LLMFoundations", "Day01.LLMFoundations\Day01.LLMFoundations.csproj", "{5C0AF893-36EC-42C8-AC0E-2109D87A520B}"
EndProject
Project("{FAE04EC0-301F-11D3-BF4B-00C04F79EFBC}") = "Day02.StructuredOutputAPI", "Day02.StructuredOutputAPI\Day02.StructuredOutputAPI.csproj", "{76D3FA34-EF02-42D7-B818-5DE1CA99E33F}"
EndProject
Project("{FAE04EC0-301F-11D3-BF4B-00C04F79EFBC}") = "Day03.EmbeddingsAndSearch", "Day03.EmbeddingsAndSearch\Day03.EmbeddingsAndSearch.csproj", "{DE38FABB-87C6-45FE-A6F1-5EC040D3C385}"
EndProject
Global
	GlobalSection(SolutionConfigurationPlatforms) = preSolution
		Debug|Any CPU = Debug|Any CPU
		Release|Any CPU = Release|Any CPU
	EndGlobalSection
	GlobalSection(ProjectConfigurationPlatforms) = postSolution
		{5C0AF893-36EC-42C8-AC0E-2109D87A520B}.Debug|Any CPU.ActiveCfg = Debug|Any CPU
		{5C0AF893-36EC-42C8-AC0E-2109D87A520B}.Debug|Any CPU.Build.0 = Debug|Any CPU
		{5C0AF893-36EC-42C8-AC0E-2109D87A520B}.Release|Any CPU.ActiveCfg = Release|Any CPU
		{5C0AF893-36EC-42C8-AC0E-2109D87A520B}.Release|Any CPU.Build.0 = Release|Any CPU
		{76D3FA34-EF02-42D7-B818-5DE1CA99E33F}.Debug|Any CPU.ActiveCfg = Debug|Any CPU
		{76D3FA34-EF02-42D7-B818-5DE1CA99E33F}.Debug|Any CPU.Build.0 = Debug|Any CPU
		{76D3FA34-EF02-42D7-B818-5DE1CA99E33F}.Release|Any CPU.ActiveCfg = Release|Any CPU
		{76D3FA34-EF02-42D7-B818-5DE1CA99E33F}.Release|Any CPU.Build.0 = Release|Any CPU
		{DE38FABB-87C6-45FE-A6F1-5EC040D3C385}.Debug|Any CPU.ActiveCfg = Debug|Any CPU
		{DE38FABB-87C6-45FE-A6F1-5EC040D3C385}.Debug|Any CPU.Build.0 = Debug|Any CPU
		{DE38FABB-87C6-45FE-A6F1-5EC040D3C385}.Release|Any CPU.ActiveCfg = Release|Any CPU
		{DE38FABB-87C6-45FE-A6F1-5EC040D3C385}.Release|Any CPU.Build.0 = Release|Any CPU
	EndGlobalSection
	GlobalSection(SolutionProperties) = preSolution
		HideSolutionNode = FALSE
	EndGlobalSection
EndGlobal
